PODS:
  - AFNetworking (3.2.1):
    - AFNetworking/NSURLSession (= 3.2.1)
    - AFNetworking/Reachability (= 3.2.1)
    - AFNetworking/Security (= 3.2.1)
    - AFNetworking/Serialization (= 3.2.1)
    - AFNetworking/UIKit (= 3.2.1)
  - AFNetworking/NSURLSession (3.2.1):
    - AFNetworking/Reachability
    - AFNetworking/Security
    - AFNetworking/Serialization
  - AFNetworking/Reachability (3.2.1)
  - AFNetworking/Security (3.2.1)
  - AFNetworking/Serialization (3.2.1)
  - AFNetworking/UIKit (3.2.1):
    - AFNetworking/NSURLSession
  - JLLogEncoding (0.0.3)
  - Masonry (1.1.0)
  - MJExtension (3.0.15.1)
  - SDCycleScrollView (1.75):
    - SDWebImage (>= 4.0.0)
  - SDWebImage (4.4.6):
    - SDWebImage/Core (= 4.4.6)
  - SDWebImage/Core (4.4.6)
  - YYCache (1.0.4)

DEPENDENCIES:
  - AFNetworking
  - JLLogEncoding
  - Masonry
  - MJExtension
  - SDCycleScrollView
  - SDWebImage
  - YYCache

SPEC REPOS:
  https://github.com/cocoapods/specs.git:
    - AFNetworking
    - JLLogEncoding
    - Masonry
    - MJExtension
    - SDCycleScrollView
    - SDWebImage
    - YYCache

SPEC CHECKSUMS:
  AFNetworking: b6f891fdfaed196b46c7a83cf209e09697b94057
  JLLogEncoding: 8a81b9e29e3e8f613ac2010a7924359be7bb6f1a
  Masonry: 678fab65091a9290e40e2832a55e7ab731aad201
  MJExtension: 19bc33ce2eee2d319760f5622562cf581a6ff756
  SDCycleScrollView: 884b88f0266dd4708a0e1934975c69cb971707b1
  SDWebImage: 3f3f0c02f09798048c47a5ed0a13f17b063572d8
  YYCache: 8105b6638f5e849296c71f331ff83891a4942952

PODFILE CHECKSUM: e81870fa3c61da373f3f225f205040cf8fae4520

COCOAPODS: 1.6.1
